
Microsoft Visual Studio Solution File, Format Version 12.00
# Visual Studio Version 16
VisualStudioVersion = 16.0.30204.135
MinimumVisualStudioVersion = 10.0.40219.1
Project("{9A19103F-16F7-4668-BE54-9A1E7A4F7556}") = "ECommerce.Market.Api", "ECommerce.Market.Api\ECommerce.Market.Api.csproj", "{0E38E17A-7142-433A-AFF4-8ECA94B4BEB3}"
EndProject
Project("{9A19103F-16F7-4668-BE54-9A1E7A4F7556}") = "ECommerce.Market.Service", "ECommerce.Market.Service\ECommerce.Market.Service.csproj", "{64240BC8-AE52-446E-9DFC-9249EDFDBB94}"
EndProject
Project("{9A19103F-16F7-4668-BE54-9A1E7A4F7556}") = "ECommerce.Market.Repository", "ECommerce.Market.Repository\ECommerce.Market.Repository.csproj", "{1E880021-FB0C-4138-90F5-D0F36BE8A8DD}"
EndProject
Project("{2150E333-8FDC-42A3-9474-1A3956D46DE8}") = "Data", "Data", "{52D24DB1-155F-476E-9AE7-C02DF032D5A8}"
EndProject
Project("{2150E333-8FDC-42A3-9474-1A3956D46DE8}") = "Lib", "Lib", "{2A4846F1-FD75-4BDD-A404-B4A0C193835E}"
EndProject
Project("{2150E333-8FDC-42A3-9474-1A3956D46DE8}") = "Web", "Web", "{EC28D50A-2A8C-4C6E-82EC-2CD5FB73DE5A}"
EndProject
Project("{2150E333-8FDC-42A3-9474-1A3956D46DE8}") = "Common", "Common", "{D2596A52-3011-48D0-999F-718699FF69A4}"
EndProject
Project("{9A19103F-16F7-4668-BE54-9A1E7A4F7556}") = "ECommerce.Dependency", "ECommerce.Dependency\ECommerce.Dependency.csproj", "{36B2BCA7-53A0-46B9-8B7D-23597D3DEB9E}"
EndProject
Project("{9A19103F-16F7-4668-BE54-9A1E7A4F7556}") = "ECommerce.Dto", "ECommerce.Dto\ECommerce.Dto.csproj", "{DD30B02D-A7C4-4CC4-A5CD-A0BA9FD0C84D}"
EndProject
Project("{9A19103F-16F7-4668-BE54-9A1E7A4F7556}") = "ECommerce.Data.Configuration", "ECommerce.Data.Configuration\ECommerce.Data.Configuration.csproj", "{01199378-1FAE-4FB6-936D-431B1591F3A7}"
EndProject
Project("{9A19103F-16F7-4668-BE54-9A1E7A4F7556}") = "ECommerce.Global", "ECommerce.Global\ECommerce.Global.csproj", "{50539D39-24CA-4ED9-B6DB-826B58422CB1}"
EndProject
Project("{9A19103F-16F7-4668-BE54-9A1E7A4F7556}") = "ECommerce.Mapping", "ECommerce.Mapping\ECommerce.Mapping.csproj", "{3560FE4B-AD12-4390-9330-0A713B8172F3}"
EndProject
Project("{9A19103F-16F7-4668-BE54-9A1E7A4F7556}") = "ECommerce.Billing.Repository", "ECommerce.Billing.Repository\ECommerce.Billing.Repository.csproj", "{C6C00CAE-B088-493E-AA24-7172900EB3D2}"
EndProject
Project("{9A19103F-16F7-4668-BE54-9A1E7A4F7556}") = "ECommerce.Billing.Service", "ECommerce.Billing.Service\ECommerce.Billing.Service.csproj", "{5BFB9B7D-539F-4384-B9A6-01A15446AFCE}"
EndProject
Project("{9A19103F-16F7-4668-BE54-9A1E7A4F7556}") = "ECommerce.Billing.Api", "ECommerce.Billing.Api\ECommerce.Billing.Api.csproj", "{3ED67DD5-38AA-48F5-9F66-7A348B72BF69}"
EndProject
Global
	GlobalSection(SolutionConfigurationPlatforms) = preSolution
		Debug|Any CPU = Debug|Any CPU
		Release|Any CPU = Release|Any CPU
	EndGlobalSection
	GlobalSection(ProjectConfigurationPlatforms) = postSolution
		{0E38E17A-7142-433A-AFF4-8ECA94B4BEB3}.Debug|Any CPU.ActiveCfg = Debug|Any CPU
		{0E38E17A-7142-433A-AFF4-8ECA94B4BEB3}.Debug|Any CPU.Build.0 = Debug|Any CPU
		{0E38E17A-7142-433A-AFF4-8ECA94B4BEB3}.Release|Any CPU.ActiveCfg = Release|Any CPU
		{0E38E17A-7142-433A-AFF4-8ECA94B4BEB3}.Release|Any CPU.Build.0 = Release|Any CPU
		{64240BC8-AE52-446E-9DFC-9249EDFDBB94}.Debug|Any CPU.ActiveCfg = Debug|Any CPU
		{64240BC8-AE52-446E-9DFC-9249EDFDBB94}.Debug|Any CPU.Build.0 = Debug|Any CPU
		{64240BC8-AE52-446E-9DFC-9249EDFDBB94}.Release|Any CPU.ActiveCfg = Release|Any CPU
		{64240BC8-AE52-446E-9DFC-9249EDFDBB94}.Release|Any CPU.Build.0 = Release|Any CPU
		{1E880021-FB0C-4138-90F5-D0F36BE8A8DD}.Debug|Any CPU.ActiveCfg = Debug|Any CPU
		{1E880021-FB0C-4138-90F5-D0F36BE8A8DD}.Debug|Any CPU.Build.0 = Debug|Any CPU
		{1E880021-FB0C-4138-90F5-D0F36BE8A8DD}.Release|Any CPU.ActiveCfg = Release|Any CPU
		{1E880021-FB0C-4138-90F5-D0F36BE8A8DD}.Release|Any CPU.Build.0 = Release|Any CPU
		{36B2BCA7-53A0-46B9-8B7D-23597D3DEB9E}.Debug|Any CPU.ActiveCfg = Debug|Any CPU
		{36B2BCA7-53A0-46B9-8B7D-23597D3DEB9E}.Debug|Any CPU.Build.0 = Debug|Any CPU
		{36B2BCA7-53A0-46B9-8B7D-23597D3DEB9E}.Release|Any CPU.ActiveCfg = Release|Any CPU
		{36B2BCA7-53A0-46B9-8B7D-23597D3DEB9E}.Release|Any CPU.Build.0 = Release|Any CPU
		{DD30B02D-A7C4-4CC4-A5CD-A0BA9FD0C84D}.Debug|Any CPU.ActiveCfg = Debug|Any CPU
		{DD30B02D-A7C4-4CC4-A5CD-A0BA9FD0C84D}.Debug|Any CPU.Build.0 = Debug|Any CPU
		{DD30B02D-A7C4-4CC4-A5CD-A0BA9FD0C84D}.Release|Any CPU.ActiveCfg = Release|Any CPU
		{DD30B02D-A7C4-4CC4-A5CD-A0BA9FD0C84D}.Release|Any CPU.Build.0 = Release|Any CPU
		{01199378-1FAE-4FB6-936D-431B1591F3A7}.Debug|Any CPU.ActiveCfg = Debug|Any CPU
		{01199378-1FAE-4FB6-936D-431B1591F3A7}.Debug|Any CPU.Build.0 = Debug|Any CPU
		{01199378-1FAE-4FB6-936D-431B1591F3A7}.Release|Any CPU.ActiveCfg = Release|Any CPU
		{01199378-1FAE-4FB6-936D-431B1591F3A7}.Release|Any CPU.Build.0 = Release|Any CPU
		{50539D39-24CA-4ED9-B6DB-826B58422CB1}.Debug|Any CPU.ActiveCfg = Debug|Any CPU
		{50539D39-24CA-4ED9-B6DB-826B58422CB1}.Debug|Any CPU.Build.0 = Debug|Any CPU
		{50539D39-24CA-4ED9-B6DB-826B58422CB1}.Release|Any CPU.ActiveCfg = Release|Any CPU
		{50539D39-24CA-4ED9-B6DB-826B58422CB1}.Release|Any CPU.Build.0 = Release|Any CPU
		{3560FE4B-AD12-4390-9330-0A713B8172F3}.Debug|Any CPU.ActiveCfg = Debug|Any CPU
		{3560FE4B-AD12-4390-9330-0A713B8172F3}.Debug|Any CPU.Build.0 = Debug|Any CPU
		{3560FE4B-AD12-4390-9330-0A713B8172F3}.Release|Any CPU.ActiveCfg = Release|Any CPU
		{3560FE4B-AD12-4390-9330-0A713B8172F3}.Release|Any CPU.Build.0 = Release|Any CPU
		{C6C00CAE-B088-493E-AA24-7172900EB3D2}.Debug|Any CPU.ActiveCfg = Debug|Any CPU
		{C6C00CAE-B088-493E-AA24-7172900EB3D2}.Debug|Any CPU.Build.0 = Debug|Any CPU
		{C6C00CAE-B088-493E-AA24-7172900EB3D2}.Release|Any CPU.ActiveCfg = Release|Any CPU
		{C6C00CAE-B088-493E-AA24-7172900EB3D2}.Release|Any CPU.Build.0 = Release|Any CPU
		{5BFB9B7D-539F-4384-B9A6-01A15446AFCE}.Debug|Any CPU.ActiveCfg = Debug|Any CPU
		{5BFB9B7D-539F-4384-B9A6-01A15446AFCE}.Debug|Any CPU.Build.0 = Debug|Any CPU
		{5BFB9B7D-539F-4384-B9A6-01A15446AFCE}.Release|Any CPU.ActiveCfg = Release|Any CPU
		{5BFB9B7D-539F-4384-B9A6-01A15446AFCE}.Release|Any CPU.Build.0 = Release|Any CPU
		{3ED67DD5-38AA-48F5-9F66-7A348B72BF69}.Debug|Any CPU.ActiveCfg = Debug|Any CPU
		{3ED67DD5-38AA-48F5-9F66-7A348B72BF69}.Debug|Any CPU.Build.0 = Debug|Any CPU
		{3ED67DD5-38AA-48F5-9F66-7A348B72BF69}.Release|Any CPU.ActiveCfg = Release|Any CPU
		{3ED67DD5-38AA-48F5-9F66-7A348B72BF69}.Release|Any CPU.Build.0 = Release|Any CPU
	EndGlobalSection
	GlobalSection(SolutionProperties) = preSolution
		HideSolutionNode = FALSE
	EndGlobalSection
	GlobalSection(NestedProjects) = preSolution
		{0E38E17A-7142-433A-AFF4-8ECA94B4BEB3} = {EC28D50A-2A8C-4C6E-82EC-2CD5FB73DE5A}
		{64240BC8-AE52-446E-9DFC-9249EDFDBB94} = {2A4846F1-FD75-4BDD-A404-B4A0C193835E}
		{1E880021-FB0C-4138-90F5-D0F36BE8A8DD} = {52D24DB1-155F-476E-9AE7-C02DF032D5A8}
		{36B2BCA7-53A0-46B9-8B7D-23597D3DEB9E} = {D2596A52-3011-48D0-999F-718699FF69A4}
		{DD30B02D-A7C4-4CC4-A5CD-A0BA9FD0C84D} = {D2596A52-3011-48D0-999F-718699FF69A4}
		{01199378-1FAE-4FB6-936D-431B1591F3A7} = {52D24DB1-155F-476E-9AE7-C02DF032D5A8}
		{50539D39-24CA-4ED9-B6DB-826B58422CB1} = {D2596A52-3011-48D0-999F-718699FF69A4}
		{3560FE4B-AD12-4390-9330-0A713B8172F3} = {D2596A52-3011-48D0-999F-718699FF69A4}
		{C6C00CAE-B088-493E-AA24-7172900EB3D2} = {52D24DB1-155F-476E-9AE7-C02DF032D5A8}
		{5BFB9B7D-539F-4384-B9A6-01A15446AFCE} = {2A4846F1-FD75-4BDD-A404-B4A0C193835E}
		{3ED67DD5-38AA-48F5-9F66-7A348B72BF69} = {EC28D50A-2A8C-4C6E-82EC-2CD5FB73DE5A}
	EndGlobalSection
	GlobalSection(ExtensibilityGlobals) = postSolution
		SolutionGuid = {5E957BBA-1450-4193-A2E5-3E6A60A211FD}
	EndGlobalSection
EndGlobal
